
Microsoft Visual Studio Solution File, Format Version 12.00
# Visual Studio 15
VisualStudioVersion = 15.0.27703.2042
MinimumVisualStudioVersion = 10.0.40219.1
Project("{FAE04EC0-301F-11D3-BF4B-00C04F79EFBC}") = "BitCoin", "BitCoin\BitCoin.csproj", "{CACF4E29-EB22-468A-B7E5-7FA5B961520B}"
EndProject
Global
	GlobalSection(SolutionConfigurationPlatforms) = preSolution
		Debug|Any CPU = Debug|Any CPU
		Release|Any CPU = Release|Any CPU
	EndGlobalSection
	GlobalSection(ProjectConfigurationPlatforms) = postSolution
		{CACF4E29-EB22-468A-B7E5-7FA5B961520B}.Debug|Any CPU.ActiveCfg = Debug|Any CPU
		{CACF4E29-EB22-468A-B7E5-7FA5B961520B}.Debug|Any CPU.Build.0 = Debug|Any CPU
		{CACF4E29-EB22-468A-B7E5-7FA5B961520B}.Release|Any CPU.ActiveCfg = Release|Any CPU
		{CACF4E29-EB22-468A-B7E5-7FA5B961520B}.Release|Any CPU.Build.0 = Release|Any CPU
	EndGlobalSection
	GlobalSection(SolutionProperties) = preSolution
		HideSolutionNode = FALSE
	EndGlobalSection
	GlobalSection(ExtensibilityGlobals) = postSolution
		SolutionGuid = {20BCB84D-265B-4B8D-8573-DA14AA2BDC71}
	EndGlobalSection
EndGlobal
